
Microsoft Visual Studio Solution File, Format Version 12.00
# Visual Studio Version 16
VisualStudioVersion = 16.0.31911.196
MinimumVisualStudioVersion = 10.0.40219.1
Project("{FAE04EC0-301F-11D3-BF4B-00C04F79EFBC}") = "Параллельное программирование", "Параллельное программирование\Параллельное программирование.csproj", "{1E9CA404-B982-4336-A28B-760BC281F6F4}"
EndProject
Global
	GlobalSection(SolutionConfigurationPlatforms) = preSolution
		Debug|Any CPU = Debug|Any CPU
		Release|Any CPU = Release|Any CPU
	EndGlobalSection
	GlobalSection(ProjectConfigurationPlatforms) = postSolution
		{1E9CA404-B982-4336-A28B-760BC281F6F4}.Debug|Any CPU.ActiveCfg = Debug|Any CPU
		{1E9CA404-B982-4336-A28B-760BC281F6F4}.Debug|Any CPU.Build.0 = Debug|Any CPU
		{1E9CA404-B982-4336-A28B-760BC281F6F4}.Release|Any CPU.ActiveCfg = Release|Any CPU
		{1E9CA404-B982-4336-A28B-760BC281F6F4}.Release|Any CPU.Build.0 = Release|Any CPU
	EndGlobalSection
	GlobalSection(SolutionProperties) = preSolution
		HideSolutionNode = FALSE
	EndGlobalSection
	GlobalSection(ExtensibilityGlobals) = postSolution
		SolutionGuid = {A902D5CC-AE32-4963-B8C6-E937A7BFD051}
	EndGlobalSection
EndGlobal
